
Microsoft Visual Studio Solution File, Format Version 12.00
# Visual Studio Version 16
VisualStudioVersion = 16.0.30523.141
MinimumVisualStudioVersion = 10.0.40219.1
Project("{FAE04EC0-301F-11D3-BF4B-00C04F79EFBC}") = "SalesSystem", "SalesSystem\SalesSystem.csproj", "{42D7C045-31D7-4D95-A1FA-4994BC197E57}"
EndProject
Project("{FAE04EC0-301F-11D3-BF4B-00C04F79EFBC}") = "Salessystem.BLL", "Salessystem.BLL\Salessystem.BLL.csproj", "{7BC6DFD1-65B1-4844-B98F-2AAF12237181}"
EndProject
Project("{FAE04EC0-301F-11D3-BF4B-00C04F79EFBC}") = "SalesSystem.DAL", "SalesSystem.DAL\SalesSystem.DAL.csproj", "{9E50013B-1D56-4114-9246-DD71E46BF9D3}"
EndProject
Global
	GlobalSection(SolutionConfigurationPlatforms) = preSolution
		Debug|Any CPU = Debug|Any CPU
		Release|Any CPU = Release|Any CPU
	EndGlobalSection
	GlobalSection(ProjectConfigurationPlatforms) = postSolution
		{42D7C045-31D7-4D95-A1FA-4994BC197E57}.Debug|Any CPU.ActiveCfg = Debug|Any CPU
		{42D7C045-31D7-4D95-A1FA-4994BC197E57}.Debug|Any CPU.Build.0 = Debug|Any CPU
		{42D7C045-31D7-4D95-A1FA-4994BC197E57}.Release|Any CPU.ActiveCfg = Release|Any CPU
		{42D7C045-31D7-4D95-A1FA-4994BC197E57}.Release|Any CPU.Build.0 = Release|Any CPU
		{7BC6DFD1-65B1-4844-B98F-2AAF12237181}.Debug|Any CPU.ActiveCfg = Debug|Any CPU
		{7BC6DFD1-65B1-4844-B98F-2AAF12237181}.Debug|Any CPU.Build.0 = Debug|Any CPU
		{7BC6DFD1-65B1-4844-B98F-2AAF12237181}.Release|Any CPU.ActiveCfg = Release|Any CPU
		{7BC6DFD1-65B1-4844-B98F-2AAF12237181}.Release|Any CPU.Build.0 = Release|Any CPU
		{9E50013B-1D56-4114-9246-DD71E46BF9D3}.Debug|Any CPU.ActiveCfg = Debug|Any CPU
		{9E50013B-1D56-4114-9246-DD71E46BF9D3}.Debug|Any CPU.Build.0 = Debug|Any CPU
		{9E50013B-1D56-4114-9246-DD71E46BF9D3}.Release|Any CPU.ActiveCfg = Release|Any CPU
		{9E50013B-1D56-4114-9246-DD71E46BF9D3}.Release|Any CPU.Build.0 = Release|Any CPU
	EndGlobalSection
	GlobalSection(SolutionProperties) = preSolution
		HideSolutionNode = FALSE
	EndGlobalSection
	GlobalSection(ExtensibilityGlobals) = postSolution
		SolutionGuid = {649F9EAA-EC48-47A4-A4AB-67A5DFE82EC6}
	EndGlobalSection
EndGlobal
